
Microsoft Visual Studio Solution File, Format Version 12.00
# Visual Studio Version 17
VisualStudioVersion = 17.10.34607.79
MinimumVisualStudioVersion = 10.0.40219.1
Project("{FAE04EC0-301F-11D3-BF4B-00C04F79EFBC}") = "RecreateModel", "RecreateModel\RecreateModel.csproj", "{D33E7B58-D433-4928-90FF-900A557B95A1}"
EndProject
Global
	GlobalSection(SolutionConfigurationPlatforms) = preSolution
		Debug|Any CPU = Debug|Any CPU
		Release|Any CPU = Release|Any CPU
	EndGlobalSection
	GlobalSection(ProjectConfigurationPlatforms) = postSolution
		{D33E7B58-D433-4928-90FF-900A557B95A1}.Debug|Any CPU.ActiveCfg = Debug|Any CPU
		{D33E7B58-D433-4928-90FF-900A557B95A1}.Debug|Any CPU.Build.0 = Debug|Any CPU
		{D33E7B58-D433-4928-90FF-900A557B95A1}.Release|Any CPU.ActiveCfg = Release|Any CPU
		{D33E7B58-D433-4928-90FF-900A557B95A1}.Release|Any CPU.Build.0 = Release|Any CPU
	EndGlobalSection
	GlobalSection(SolutionProperties) = preSolution
		HideSolutionNode = FALSE
	EndGlobalSection
	GlobalSection(ExtensibilityGlobals) = postSolution
		SolutionGuid = {4A91A0F9-9B88-4912-8F91-E08E4209D7DF}
	EndGlobalSection
EndGlobal
